# This file is autogenerated, do not edit; changes may be undone by the next 'dep ensure'.


[[projects]]
  branch = "master"
  digest = "1:69e9535aa17a632fdd29036e0750581f34323db3a46468c4af33a7fe3b4f935c"
  name = "github.com/foolin/gomap"
  packages = ["."]
  pruneopts = "UT"
  revision = "64245a4fea67132cce27967aeb74111adc6e9925"

[[projects]]
  branch = "master"
  digest = "1:a92db5a7987db3ee73d6f2ab5a69ceaf359cb7059acbf7c17c2ddf77d2b15d53"
  name = "github.com/foolin/gosupervisor"
  packages = ["."]
  pruneopts = "UT"
  revision = "42c1fa45b1c6a8681af57a27536e7a8f00fcd958"

[[projects]]
  digest = "1:cbec35fe4d5a4fba369a656a8cd65e244ea2c743007d8f6c1ccb132acf9d1296"
  name = "github.com/gorilla/mux"
  packages = ["."]
  pruneopts = "UT"
  revision = "00bdffe0f3c77e27d2cf6f5c70232a2d3e4d9c15"
  version = "v1.7.3"

[[projects]]
  digest = "1:fd9bea48bbc5bba66d9891c72af7255fbebecdff845c37c679406174ece5ca1b"
  name = "github.com/kelseyhightower/envconfig"
  packages = ["."]
  pruneopts = "UT"
  revision = "0b417c4ec4a8a82eecc22a1459a504aa55163d61"
  version = "v1.4.0"

[[projects]]
  branch = "master"
  digest = "1:e7b5d4168e986a38630a5cd290bb7a9097f0d8dcb5092a8b38f4763702e8ff0c"
  name = "github.com/kolo/xmlrpc"
  packages = ["."]
  pruneopts = "UT"
  revision = "56d5ec7c422e68702b2cd04a3c2b3849d645f962"

[solve-meta]
  analyzer-name = "dep"
  analyzer-version = 1
  input-imports = [
    "github.com/foolin/gosupervisor",
    "github.com/gorilla/mux",
    "github.com/kelseyhightower/envconfig",
  ]
  solver-name = "gps-cdcl"
  solver-version = 1
